{
  "nodes": {
    "fenix": {
      "inputs": {
        "nixpkgs": [
          "nixpkgs"
        ],
        "rust-analyzer-src": "rust-analyzer-src"
      },
      "locked": {
        "lastModified": 1748759782,
        "narHash": "sha256-MJNhEBsAbxRp/53qsXv6/eaWkGS8zMGX9LuCz1BLeck=",
        "owner": "nix-community",
        "repo": "fenix",
        "rev": "9be40ad995bac282160ff374a47eed67c74f9c2a",
        "type": "github"
      },
      "original": {
        "owner": "nix-community",
        "repo": "fenix",
        "type": "github"
      }
    },
    "nixpkgs": {
      "locked": {
        "lastModified": 1748693115,
        "narHash": "sha256-StSrWhklmDuXT93yc3GrTlb0cKSS0agTAxMGjLKAsY8=",
        "owner": "nixos",
        "repo": "nixpkgs",
        "rev": "910796cabe436259a29a72e8d3f5e180fc6dfacc",
        "type": "github"
      },
      "original": {
        "owner": "nixos",
        "ref": "nixos-unstable",
        "repo": "nixpkgs",
        "type": "github"
      }
    },
    "root": {
      "inputs": {
        "fenix": "fenix",
        "nixpkgs": "nixpkgs"
      }
    },
    "rust-analyzer-src": {
      "flake": false,
      "locked": {
        "lastModified": 1748695646,
        "narHash": "sha256-VwSuuRF4NvAoeHZJRRlX8zAFZ+nZyuiIvmVqBAX0Bcg=",
        "owner": "rust-lang",
        "repo": "rust-analyzer",
        "rev": "2a388d1103450d814a84eda98efe89c01b158343",
        "type": "github"
      },
      "original": {
        "owner": "rust-lang",
        "ref": "nightly",
        "repo": "rust-analyzer",
        "type": "github"
      }
    }
  },
  "root": "root",
  "version": 7
}
